{
  "name": "meetin-frontend",
  "version": "1.0.0",
  "lockfileVersion": 1,
  "requires": true,
  "dependencies": {
    "@fullcalendar/core": {
      "version": "4.2.0",
      "resolved": "https://registry.npmjs.org/@fullcalendar/core/-/core-4.2.0.tgz",
      "integrity": "sha512-4kd5OGHxjMtwI0gUHKwAYzmR0Z79Qf8y0ARx2Ruh20JdVy3Tznn6oKwdpkUbaXWrLXNDoXYRkBiFCIgC27VNCw=="
    },
    "@fullcalendar/daygrid": {
      "version": "4.2.0",
      "resolved": "https://registry.npmjs.org/@fullcalendar/daygrid/-/daygrid-4.2.0.tgz",
      "integrity": "sha512-9C61TowLTTZ657cErdylkdRYxXj5HO0NgogQgYX9X2wz7yvn6loiyGx6oq0o6OFf+e/Z4Ey06j7f/fqn/BPYEQ=="
    },
    "@fullcalendar/interaction": {
      "version": "4.2.0",
      "resolved": "https://registry.npmjs.org/@fullcalendar/interaction/-/interaction-4.2.0.tgz",
      "integrity": "sha512-wwAyocUp1HEY7c7xCymR9EGdh7AWZrwNiBQlIpP3ne0eJT0U4ZjlnoOoels3VPsTJ9a6pdO1/XoGjEvL1T5y4g=="
    },
    "@fullcalendar/list": {
      "version": "4.2.0",
      "resolved": "https://registry.npmjs.org/@fullcalendar/list/-/list-4.2.0.tgz",
      "integrity": "sha512-LJuwUoxLSnVti9NNT0ZG6eztoTkFl4h1/c+BwSUAcovPNAxTfVAbaV3rot+AlHz53d/QX03X1GXSNhRpUWJEBA=="
    },
    "@fullcalendar/timegrid": {
      "version": "4.2.0",
      "resolved": "https://registry.npmjs.org/@fullcalendar/timegrid/-/timegrid-4.2.0.tgz",
      "integrity": "sha512-JtojTR+1uc1/WNzejcmsI5/2Jg007QprK5IpR8ocUVEcHXaBBXU6CPGirEWKyfk7QPZ7KzmJCykQ68QHiptyKA==",
      "requires": {
        "@fullcalendar/daygrid": "~4.2.0"
      }
    },
    "bootstrap-datetime-picker": {
      "version": "2.4.4",
      "resolved": "https://registry.npmjs.org/bootstrap-datetime-picker/-/bootstrap-datetime-picker-2.4.4.tgz",
      "integrity": "sha1-t8/oQ6PG0iHAMpPJpGSkzDXXOWg="
    },
    "bootstrap-select": {
      "version": "1.13.10",
      "resolved": "https://registry.npmjs.org/bootstrap-select/-/bootstrap-select-1.13.10.tgz",
      "integrity": "sha512-mwfyd+VWHY8wDN4je4Y8PPEaOAzDPUz95z5F5zxzlIqebqxtbrujclFWLrhkVOyETpsgZCL1rsfyEnHpAugtGg=="
    },
    "fullcalendar": {
      "version": "3.10.0",
      "resolved": "https://registry.npmjs.org/fullcalendar/-/fullcalendar-3.10.0.tgz",
      "integrity": "sha512-0OtsHhmdYhtFmQwXzyo8VqHzYgamg+zVOoytv5N13gI+iF6CGjevpCi/yBaQs0O4wY3OAp8I688IxdNYe0iAvw=="
    },
    "jquery": {
      "version": "3.5.0",
      "resolved": "https://registry.npmjs.org/jquery/-/jquery-3.5.0.tgz",
      "integrity": "sha512-Xb7SVYMvygPxbFMpTFQiHh1J7HClEaThguL15N/Gg37Lri/qKyhRGZYzHRyLH8Stq3Aow0LsHO2O2ci86fCrNQ=="
    },
    "moment": {
      "version": "2.24.0",
      "resolved": "https://registry.npmjs.org/moment/-/moment-2.24.0.tgz",
      "integrity": "sha512-bV7f+6l2QigeBBZSM/6yTNq4P2fNpSWj/0e7jQcy87A8e7o2nAfP/34/2ky5Vw4B9S446EtIhodAzkFCcR4dQg=="
    },
    "popper.js": {
      "version": "1.15.0",
      "resolved": "https://registry.npmjs.org/popper.js/-/popper.js-1.15.0.tgz",
      "integrity": "sha512-w010cY1oCUmI+9KwwlWki+r5jxKfTFDVoadl7MSrIujHU5MJ5OR6HTDj6Xo8aoR/QsA56x8jKjA59qGH4ELtrA=="
    },
    "tooltip.js": {
      "version": "1.3.2",
      "resolved": "https://registry.npmjs.org/tooltip.js/-/tooltip.js-1.3.2.tgz",
      "integrity": "sha512-DeDr9JxYx/lSvQ53ZCRFLxXrmrSyU3fLz6k+ITUTw69AIYtpWij/NmOJQscJ7BwY5lcEwWJWSfqqQWVvTMYZiw==",
      "requires": {
        "popper.js": "^1.0.2"
      }
    }
  }
}
